
Microsoft Visual Studio Solution File, Format Version 12.00
# Visual Studio Version 17
VisualStudioVersion = 17.5.33627.172
MinimumVisualStudioVersion = 10.0.40219.1
Project("{9A19103F-16F7-4668-BE54-9A1E7A4F7556}") = "Module6", "Module6Exam\Module6.csproj", "{C2AE842E-C004-4401-8A9F-08327AC42061}"
EndProject
Project("{FAE04EC0-301F-11D3-BF4B-00C04F79EFBC}") = "Module7Exam", "Module7Exam\Module7Exam.csproj", "{83057B55-7383-43D0-B564-350C815A9F46}"
EndProject
Global
	GlobalSection(SolutionConfigurationPlatforms) = preSolution
		Debug|Any CPU = Debug|Any CPU
		Release|Any CPU = Release|Any CPU
	EndGlobalSection
	GlobalSection(ProjectConfigurationPlatforms) = postSolution
		{C2AE842E-C004-4401-8A9F-08327AC42061}.Debug|Any CPU.ActiveCfg = Debug|Any CPU
		{C2AE842E-C004-4401-8A9F-08327AC42061}.Debug|Any CPU.Build.0 = Debug|Any CPU
		{C2AE842E-C004-4401-8A9F-08327AC42061}.Release|Any CPU.ActiveCfg = Release|Any CPU
		{C2AE842E-C004-4401-8A9F-08327AC42061}.Release|Any CPU.Build.0 = Release|Any CPU
		{83057B55-7383-43D0-B564-350C815A9F46}.Debug|Any CPU.ActiveCfg = Debug|Any CPU
		{83057B55-7383-43D0-B564-350C815A9F46}.Debug|Any CPU.Build.0 = Debug|Any CPU
		{83057B55-7383-43D0-B564-350C815A9F46}.Release|Any CPU.ActiveCfg = Release|Any CPU
		{83057B55-7383-43D0-B564-350C815A9F46}.Release|Any CPU.Build.0 = Release|Any CPU
	EndGlobalSection
	GlobalSection(SolutionProperties) = preSolution
		HideSolutionNode = FALSE
	EndGlobalSection
	GlobalSection(ExtensibilityGlobals) = postSolution
		SolutionGuid = {171B7972-3658-4290-B229-714F353D7C2D}
	EndGlobalSection
EndGlobal
