
Microsoft Visual Studio Solution File, Format Version 12.00
# Visual Studio Version 17
VisualStudioVersion = 17.5.33627.172
MinimumVisualStudioVersion = 10.0.40219.1
Project("{9A19103F-16F7-4668-BE54-9A1E7A4F7556}") = "Module6", "Module6Exam\Module6.csproj", "{C2AE842E-C004-4401-8A9F-08327AC42061}"
EndProject
Project("{9A19103F-16F7-4668-BE54-9A1E7A4F7556}") = "Module7Exam", "Module7Exam\Module7Exam.csproj", "{83057B55-7383-43D0-B564-350C815A9F46}"
EndProject
Project("{FAE04EC0-301F-11D3-BF4B-00C04F79EFBC}") = "Module8ExamTask1", "Module8ExamTask1\Module8ExamTask1.csproj", "{4683C152-FA5E-47A6-AB2B-739F83E6F1F4}"
EndProject
Project("{FAE04EC0-301F-11D3-BF4B-00C04F79EFBC}") = "Module8ExamTask2", "Module8ExamTask2\Module8ExamTask2.csproj", "{B6D95478-D544-488E-A100-0FCF5AE1FB2B}"
EndProject
Project("{FAE04EC0-301F-11D3-BF4B-00C04F79EFBC}") = "Module8ExamTask3", "Module8ExamTask3\Module8ExamTask3.csproj", "{BCB9BF45-0854-4A6F-91B1-EC03EE4DB4A5}"
EndProject
Project("{FAE04EC0-301F-11D3-BF4B-00C04F79EFBC}") = "Module8ExamTask4", "Module8ExamTask4\Module8ExamTask4.csproj", "{908980A7-2DEF-42C4-8DF6-2BEC112C13C2}"
EndProject
Global
	GlobalSection(SolutionConfigurationPlatforms) = preSolution
		Debug|Any CPU = Debug|Any CPU
		Release|Any CPU = Release|Any CPU
	EndGlobalSection
	GlobalSection(ProjectConfigurationPlatforms) = postSolution
		{C2AE842E-C004-4401-8A9F-08327AC42061}.Debug|Any CPU.ActiveCfg = Debug|Any CPU
		{C2AE842E-C004-4401-8A9F-08327AC42061}.Debug|Any CPU.Build.0 = Debug|Any CPU
		{C2AE842E-C004-4401-8A9F-08327AC42061}.Release|Any CPU.ActiveCfg = Release|Any CPU
		{C2AE842E-C004-4401-8A9F-08327AC42061}.Release|Any CPU.Build.0 = Release|Any CPU
		{83057B55-7383-43D0-B564-350C815A9F46}.Debug|Any CPU.ActiveCfg = Debug|Any CPU
		{83057B55-7383-43D0-B564-350C815A9F46}.Debug|Any CPU.Build.0 = Debug|Any CPU
		{83057B55-7383-43D0-B564-350C815A9F46}.Release|Any CPU.ActiveCfg = Release|Any CPU
		{83057B55-7383-43D0-B564-350C815A9F46}.Release|Any CPU.Build.0 = Release|Any CPU
		{4683C152-FA5E-47A6-AB2B-739F83E6F1F4}.Debug|Any CPU.ActiveCfg = Debug|Any CPU
		{4683C152-FA5E-47A6-AB2B-739F83E6F1F4}.Debug|Any CPU.Build.0 = Debug|Any CPU
		{4683C152-FA5E-47A6-AB2B-739F83E6F1F4}.Release|Any CPU.ActiveCfg = Release|Any CPU
		{4683C152-FA5E-47A6-AB2B-739F83E6F1F4}.Release|Any CPU.Build.0 = Release|Any CPU
		{B6D95478-D544-488E-A100-0FCF5AE1FB2B}.Debug|Any CPU.ActiveCfg = Debug|Any CPU
		{B6D95478-D544-488E-A100-0FCF5AE1FB2B}.Debug|Any CPU.Build.0 = Debug|Any CPU
		{B6D95478-D544-488E-A100-0FCF5AE1FB2B}.Release|Any CPU.ActiveCfg = Release|Any CPU
		{B6D95478-D544-488E-A100-0FCF5AE1FB2B}.Release|Any CPU.Build.0 = Release|Any CPU
		{BCB9BF45-0854-4A6F-91B1-EC03EE4DB4A5}.Debug|Any CPU.ActiveCfg = Debug|Any CPU
		{BCB9BF45-0854-4A6F-91B1-EC03EE4DB4A5}.Debug|Any CPU.Build.0 = Debug|Any CPU
		{BCB9BF45-0854-4A6F-91B1-EC03EE4DB4A5}.Release|Any CPU.ActiveCfg = Release|Any CPU
		{BCB9BF45-0854-4A6F-91B1-EC03EE4DB4A5}.Release|Any CPU.Build.0 = Release|Any CPU
		{908980A7-2DEF-42C4-8DF6-2BEC112C13C2}.Debug|Any CPU.ActiveCfg = Debug|Any CPU
		{908980A7-2DEF-42C4-8DF6-2BEC112C13C2}.Debug|Any CPU.Build.0 = Debug|Any CPU
		{908980A7-2DEF-42C4-8DF6-2BEC112C13C2}.Release|Any CPU.ActiveCfg = Release|Any CPU
		{908980A7-2DEF-42C4-8DF6-2BEC112C13C2}.Release|Any CPU.Build.0 = Release|Any CPU
	EndGlobalSection
	GlobalSection(SolutionProperties) = preSolution
		HideSolutionNode = FALSE
	EndGlobalSection
	GlobalSection(ExtensibilityGlobals) = postSolution
		SolutionGuid = {171B7972-3658-4290-B229-714F353D7C2D}
	EndGlobalSection
EndGlobal
