
Microsoft Visual Studio Solution File, Format Version 12.00
# Visual Studio Version 17
VisualStudioVersion = 17.5.33627.172
MinimumVisualStudioVersion = 10.0.40219.1
Project("{FAE04EC0-301F-11D3-BF4B-00C04F79EFBC}") = "Module5Exam", "Module5Exam\Module5Exam.csproj", "{F6827B7B-EC4A-453E-B4C5-894EBE98F941}"
EndProject
Global
	GlobalSection(SolutionConfigurationPlatforms) = preSolution
		Debug|Any CPU = Debug|Any CPU
		Release|Any CPU = Release|Any CPU
	EndGlobalSection
	GlobalSection(ProjectConfigurationPlatforms) = postSolution
		{F6827B7B-EC4A-453E-B4C5-894EBE98F941}.Debug|Any CPU.ActiveCfg = Debug|Any CPU
		{F6827B7B-EC4A-453E-B4C5-894EBE98F941}.Debug|Any CPU.Build.0 = Debug|Any CPU
		{F6827B7B-EC4A-453E-B4C5-894EBE98F941}.Release|Any CPU.ActiveCfg = Release|Any CPU
		{F6827B7B-EC4A-453E-B4C5-894EBE98F941}.Release|Any CPU.Build.0 = Release|Any CPU
	EndGlobalSection
	GlobalSection(SolutionProperties) = preSolution
		HideSolutionNode = FALSE
	EndGlobalSection
	GlobalSection(ExtensibilityGlobals) = postSolution
		SolutionGuid = {E8991B2B-E533-4C57-AE91-DEEA7835B247}
	EndGlobalSection
EndGlobal
